// !$*UTF8*$!
{
	archiveVersion = 1;
	classes = {
	};
	objectVersion = 56;
	objects = {

/* Begin PBXBuildFile section */
		7CBE84452BCFD4A500B14B60 /* HikeApp.swift in Sources */ = {isa = PBXBuildFile; fileRef = 7CBE84442BCFD4A500B14B60 /* HikeApp.swift */; };
		7CBE84472BCFD4A500B14B60 /* ContentView.swift in Sources */ = {isa = PBXBuildFile; fileRef = 7CBE84462BCFD4A500B14B60 /* ContentView.swift */; };
		7CBE84492BCFD4A700B14B60 /* Assets.xcassets in Resources */ = {isa = PBXBuildFile; fileRef = 7CBE84482BCFD4A700B14B60 /* Assets.xcassets */; };
		7CBE844C2BCFD4A700B14B60 /* Preview Assets.xcassets in Resources */ = {isa = PBXBuildFile; fileRef = 7CBE844B2BCFD4A700B14B60 /* Preview Assets.xcassets */; };
		7CBE84532BCFD5FE00B14B60 /* CardView.swift in Sources */ = {isa = PBXBuildFile; fileRef = 7CBE84522BCFD5FE00B14B60 /* CardView.swift */; };
		7CBE84562BCFD6FB00B14B60 /* CustomBackgroundView.swift in Sources */ = {isa = PBXBuildFile; fileRef = 7CBE84552BCFD6FB00B14B60 /* CustomBackgroundView.swift */; };
		7CBE84592BCFD8A200B14B60 /* ColorExtension.swift in Sources */ = {isa = PBXBuildFile; fileRef = 7CBE84582BCFD8A200B14B60 /* ColorExtension.swift */; };
		7CBE845B2BCFF97C00B14B60 /* CustomButtonView.swift in Sources */ = {isa = PBXBuildFile; fileRef = 7CBE845A2BCFF97C00B14B60 /* CustomButtonView.swift */; };
		7CBE845D2BCFFF0C00B14B60 /* GradientButtonStyle.swift in Sources */ = {isa = PBXBuildFile; fileRef = 7CBE845C2BCFFF0C00B14B60 /* GradientButtonStyle.swift */; };
		7CBE84652BD0DE7F00B14B60 /* MotionAnimationView.swift in Sources */ = {isa = PBXBuildFile; fileRef = 7CBE84642BD0DE7F00B14B60 /* MotionAnimationView.swift */; };
		7CBE84672BD0DFE200B14B60 /* CustomCircleView.swift in Sources */ = {isa = PBXBuildFile; fileRef = 7CBE84662BD0DFE200B14B60 /* CustomCircleView.swift */; };
		7CBE846C2BD0E1D000B14B60 /* SettingsView.swift in Sources */ = {isa = PBXBuildFile; fileRef = 7CBE846B2BD0E1D000B14B60 /* SettingsView.swift */; };
		7CBE84722BD114CA00B14B60 /* CustomListRowView.swift in Sources */ = {isa = PBXBuildFile; fileRef = 7CBE84712BD114CA00B14B60 /* CustomListRowView.swift */; };
/* End PBXBuildFile section */

/* Begin PBXFileReference section */
		7CBE84412BCFD4A500B14B60 /* Hike.app */ = {isa = PBXFileReference; explicitFileType = wrapper.application; includeInIndex = 0; path = Hike.app; sourceTree = BUILT_PRODUCTS_DIR; };
		7CBE84442BCFD4A500B14B60 /* HikeApp.swift */ = {isa = PBXFileReference; lastKnownFileType = sourcecode.swift; path = HikeApp.swift; sourceTree = "<group>"; };
		7CBE84462BCFD4A500B14B60 /* ContentView.swift */ = {isa = PBXFileReference; lastKnownFileType = sourcecode.swift; path = ContentView.swift; sourceTree = "<group>"; };
		7CBE84482BCFD4A700B14B60 /* Assets.xcassets */ = {isa = PBXFileReference; lastKnownFileType = folder.assetcatalog; path = Assets.xcassets; sourceTree = "<group>"; };
		7CBE844B2BCFD4A700B14B60 /* Preview Assets.xcassets */ = {isa = PBXFileReference; lastKnownFileType = folder.assetcatalog; path = "Preview Assets.xcassets"; sourceTree = "<group>"; };
		7CBE84522BCFD5FE00B14B60 /* CardView.swift */ = {isa = PBXFileReference; lastKnownFileType = sourcecode.swift; path = CardView.swift; sourceTree = "<group>"; };
		7CBE84552BCFD6FB00B14B60 /* CustomBackgroundView.swift */ = {isa = PBXFileReference; lastKnownFileType = sourcecode.swift; path = CustomBackgroundView.swift; sourceTree = "<group>"; };
		7CBE84582BCFD8A200B14B60 /* ColorExtension.swift */ = {isa = PBXFileReference; lastKnownFileType = sourcecode.swift; path = ColorExtension.swift; sourceTree = "<group>"; };
		7CBE845A2BCFF97C00B14B60 /* CustomButtonView.swift */ = {isa = PBXFileReference; lastKnownFileType = sourcecode.swift; path = CustomButtonView.swift; sourceTree = "<group>"; };
		7CBE845C2BCFFF0C00B14B60 /* GradientButtonStyle.swift */ = {isa = PBXFileReference; lastKnownFileType = sourcecode.swift; path = GradientButtonStyle.swift; sourceTree = "<group>"; };
		7CBE84642BD0DE7F00B14B60 /* MotionAnimationView.swift */ = {isa = PBXFileReference; fileEncoding = 4; lastKnownFileType = sourcecode.swift; name = MotionAnimationView.swift; path = ../../../../Completed/Hike/Hike/Component/MotionAnimationView.swift; sourceTree = "<group>"; };
		7CBE84662BD0DFE200B14B60 /* CustomCircleView.swift */ = {isa = PBXFileReference; fileEncoding = 4; lastKnownFileType = sourcecode.swift; name = CustomCircleView.swift; path = ../../../../Completed/Hike/Hike/Component/CustomCircleView.swift; sourceTree = "<group>"; };
		7CBE846B2BD0E1D000B14B60 /* SettingsView.swift */ = {isa = PBXFileReference; lastKnownFileType = sourcecode.swift; path = SettingsView.swift; sourceTree = "<group>"; };
		7CBE84712BD114CA00B14B60 /* CustomListRowView.swift */ = {isa = PBXFileReference; lastKnownFileType = sourcecode.swift; path = CustomListRowView.swift; sourceTree = "<group>"; };
/* End PBXFileReference section */

/* Begin PBXFrameworksBuildPhase section */
		7CBE843E2BCFD4A500B14B60 /* Frameworks */ = {
			isa = PBXFrameworksBuildPhase;
			buildActionMask = 2147483647;
			files = (
			);
			runOnlyForDeploymentPostprocessing = 0;
		};
/* End PBXFrameworksBuildPhase section */

/* Begin PBXGroup section */
		7CBE84382BCFD4A500B14B60 = {
			isa = PBXGroup;
			children = (
				7CBE84432BCFD4A500B14B60 /* Hike */,
				7CBE84422BCFD4A500B14B60 /* Products */,
			);
			sourceTree = "<group>";
		};
		7CBE84422BCFD4A500B14B60 /* Products */ = {
			isa = PBXGroup;
			children = (
				7CBE84412BCFD4A500B14B60 /* Hike.app */,
			);
			name = Products;
			sourceTree = "<group>";
		};
		7CBE84432BCFD4A500B14B60 /* Hike */ = {
			isa = PBXGroup;
			children = (
				7CBE84542BCFD6CA00B14B60 /* Component */,
				7CBE84572BCFD88400B14B60 /* Utility */,
				7CBE844A2BCFD4A700B14B60 /* Preview Content */,
				7CBE84442BCFD4A500B14B60 /* HikeApp.swift */,
				7CBE846A2BD0E1A300B14B60 /* Screen */,
				7CBE84482BCFD4A700B14B60 /* Assets.xcassets */,
			);
			path = Hike;
			sourceTree = "<group>";
		};
		7CBE844A2BCFD4A700B14B60 /* Preview Content */ = {
			isa = PBXGroup;
			children = (
				7CBE844B2BCFD4A700B14B60 /* Preview Assets.xcassets */,
			);
			path = "Preview Content";
			sourceTree = "<group>";
		};
		7CBE84542BCFD6CA00B14B60 /* Component */ = {
			isa = PBXGroup;
			children = (
				7CBE84522BCFD5FE00B14B60 /* CardView.swift */,
				7CBE84552BCFD6FB00B14B60 /* CustomBackgroundView.swift */,
				7CBE845A2BCFF97C00B14B60 /* CustomButtonView.swift */,
				7CBE84642BD0DE7F00B14B60 /* MotionAnimationView.swift */,
				7CBE84662BD0DFE200B14B60 /* CustomCircleView.swift */,
				7CBE84712BD114CA00B14B60 /* CustomListRowView.swift */,
			);
			path = Component;
			sourceTree = "<group>";
		};
		7CBE84572BCFD88400B14B60 /* Utility */ = {
			isa = PBXGroup;
			children = (
				7CBE84582BCFD8A200B14B60 /* ColorExtension.swift */,
				7CBE845C2BCFFF0C00B14B60 /* GradientButtonStyle.swift */,
			);
			path = Utility;
			sourceTree = "<group>";
		};
		7CBE846A2BD0E1A300B14B60 /* Screen */ = {
			isa = PBXGroup;
			children = (
				7CBE84462BCFD4A500B14B60 /* ContentView.swift */,
				7CBE846B2BD0E1D000B14B60 /* SettingsView.swift */,
			);
			path = Screen;
			sourceTree = "<group>";
		};
/* End PBXGroup section */

/* Begin PBXNativeTarget section */
		7CBE84402BCFD4A500B14B60 /* Hike */ = {
			isa = PBXNativeTarget;
			buildConfigurationList = 7CBE844F2BCFD4A700B14B60 /* Build configuration list for PBXNativeTarget "Hike" */;
			buildPhases = (
				7CBE843D2BCFD4A500B14B60 /* Sources */,
				7CBE843E2BCFD4A500B14B60 /* Frameworks */,
				7CBE843F2BCFD4A500B14B60 /* Resources */,
			);
			buildRules = (
			);
			dependencies = (
			);
			name = Hike;
			productName = Hike;
			productReference = 7CBE84412BCFD4A500B14B60 /* Hike.app */;
			productType = "com.apple.product-type.application";
		};
/* End PBXNativeTarget section */

/* Begin PBXProject section */
		7CBE84392BCFD4A500B14B60 /* Project object */ = {
			isa = PBXProject;
			attributes = {
				BuildIndependentTargetsInParallel = 1;
				LastSwiftUpdateCheck = 1530;
				LastUpgradeCheck = 1530;
				TargetAttributes = {
					7CBE84402BCFD4A500B14B60 = {
						CreatedOnToolsVersion = 15.3;
					};
				};
			};
			buildConfigurationList = 7CBE843C2BCFD4A500B14B60 /* Build configuration list for PBXProject "Hike" */;
			compatibilityVersion = "Xcode 14.0";
			developmentRegion = en;
			hasScannedForEncodings = 0;
			knownRegions = (
				en,
				Base,
			);
			mainGroup = 7CBE84382BCFD4A500B14B60;
			productRefGroup = 7CBE84422BCFD4A500B14B60 /* Products */;
			projectDirPath = "";
			projectRoot = "";
			targets = (
				7CBE84402BCFD4A500B14B60 /* Hike */,
			);
		};
/* End PBXProject section */

/* Begin PBXResourcesBuildPhase section */
		7CBE843F2BCFD4A500B14B60 /* Resources */ = {
			isa = PBXResourcesBuildPhase;
			buildActionMask = 2147483647;
			files = (
				7CBE844C2BCFD4A700B14B60 /* Preview Assets.xcassets in Resources */,
				7CBE84492BCFD4A700B14B60 /* Assets.xcassets in Resources */,
			);
			runOnlyForDeploymentPostprocessing = 0;
		};
/* End PBXResourcesBuildPhase section */

/* Begin PBXSourcesBuildPhase section */
		7CBE843D2BCFD4A500B14B60 /* Sources */ = {
			isa = PBXSourcesBuildPhase;
			buildActionMask = 2147483647;
			files = (
				7CBE84472BCFD4A500B14B60 /* ContentView.swift in Sources */,
				7CBE84532BCFD5FE00B14B60 /* CardView.swift in Sources */,
				7CBE84722BD114CA00B14B60 /* CustomListRowView.swift in Sources */,
				7CBE84452BCFD4A500B14B60 /* HikeApp.swift in Sources */,
				7CBE845B2BCFF97C00B14B60 /* CustomButtonView.swift in Sources */,
				7CBE845D2BCFFF0C00B14B60 /* GradientButtonStyle.swift in Sources */,
				7CBE846C2BD0E1D000B14B60 /* SettingsView.swift in Sources */,
				7CBE84562BCFD6FB00B14B60 /* CustomBackgroundView.swift in Sources */,
				7CBE84592BCFD8A200B14B60 /* ColorExtension.swift in Sources */,
				7CBE84652BD0DE7F00B14B60 /* MotionAnimationView.swift in Sources */,
				7CBE84672BD0DFE200B14B60 /* CustomCircleView.swift in Sources */,
			);
			runOnlyForDeploymentPostprocessing = 0;
		};
/* End PBXSourcesBuildPhase section */

/* Begin XCBuildConfiguration section */
		7CBE844D2BCFD4A700B14B60 /* Debug */ = {
			isa = XCBuildConfiguration;
			buildSettings = {
				ALWAYS_SEARCH_USER_PATHS = NO;
				ASSETCATALOG_COMPILER_GENERATE_SWIFT_ASSET_SYMBOL_EXTENSIONS = YES;
				CLANG_ANALYZER_NONNULL = YES;
				CLANG_ANALYZER_NUMBER_OBJECT_CONVERSION = YES_AGGRESSIVE;
				CLANG_CXX_LANGUAGE_STANDARD = "gnu++20";
				CLANG_ENABLE_MODULES = YES;
				CLANG_ENABLE_OBJC_ARC = YES;
				CLANG_ENABLE_OBJC_WEAK = YES;
				CLANG_WARN_BLOCK_CAPTURE_AUTORELEASING = YES;
				CLANG_WARN_BOOL_CONVERSION = YES;
				CLANG_WARN_COMMA = YES;
				CLANG_WARN_CONSTANT_CONVERSION = YES;
				CLANG_WARN_DEPRECATED_OBJC_IMPLEMENTATIONS = YES;
				CLANG_WARN_DIRECT_OBJC_ISA_USAGE = YES_ERROR;
				CLANG_WARN_DOCUMENTATION_COMMENTS = YES;
				CLANG_WARN_EMPTY_BODY = YES;
				CLANG_WARN_ENUM_CONVERSION = YES;
				CLANG_WARN_INFINITE_RECURSION = YES;
				CLANG_WARN_INT_CONVERSION = YES;
				CLANG_WARN_NON_LITERAL_NULL_CONVERSION = YES;
				CLANG_WARN_OBJC_IMPLICIT_RETAIN_SELF = YES;
				CLANG_WARN_OBJC_LITERAL_CONVERSION = YES;
				CLANG_WARN_OBJC_ROOT_CLASS = YES_ERROR;
				CLANG_WARN_QUOTED_INCLUDE_IN_FRAMEWORK_HEADER = YES;
				CLANG_WARN_RANGE_LOOP_ANALYSIS = YES;
				CLANG_WARN_STRICT_PROTOTYPES = YES;
				CLANG_WARN_SUSPICIOUS_MOVE = YES;
				CLANG_WARN_UNGUARDED_AVAILABILITY = YES_AGGRESSIVE;
				CLANG_WARN_UNREACHABLE_CODE = YES;
				CLANG_WARN__DUPLICATE_METHOD_MATCH = YES;
				COPY_PHASE_STRIP = NO;
				DEBUG_INFORMATION_FORMAT = dwarf;
				ENABLE_STRICT_OBJC_MSGSEND = YES;
				ENABLE_TESTABILITY = YES;
				ENABLE_USER_SCRIPT_SANDBOXING = YES;
				GCC_C_LANGUAGE_STANDARD = gnu17;
				GCC_DYNAMIC_NO_PIC = NO;
				GCC_NO_COMMON_BLOCKS = YES;
				GCC_OPTIMIZATION_LEVEL = 0;
				GCC_PREPROCESSOR_DEFINITIONS = (
					"DEBUG=1",
					"$(inherited)",
				);
				GCC_WARN_64_TO_32_BIT_CONVERSION = YES;
				GCC_WARN_ABOUT_RETURN_TYPE = YES_ERROR;
				GCC_WARN_UNDECLARED_SELECTOR = YES;
				GCC_WARN_UNINITIALIZED_AUTOS = YES_AGGRESSIVE;
				GCC_WARN_UNUSED_FUNCTION = YES;
				GCC_WARN_UNUSED_VARIABLE = YES;
				IPHONEOS_DEPLOYMENT_TARGET = 17.4;
				LOCALIZATION_PREFERS_STRING_CATALOGS = YES;
				MTL_ENABLE_DEBUG_INFO = INCLUDE_SOURCE;
				MTL_FAST_MATH = YES;
				ONLY_ACTIVE_ARCH = YES;
				SDKROOT = iphoneos;
				SWIFT_ACTIVE_COMPILATION_CONDITIONS = "DEBUG $(inherited)";
				SWIFT_OPTIMIZATION_LEVEL = "-Onone";
			};
			name = Debug;
		};
		7CBE844E2BCFD4A700B14B60 /* Release */ = {
			isa = XCBuildConfiguration;
			buildSettings = {
				ALWAYS_SEARCH_USER_PATHS = NO;
				ASSETCATALOG_COMPILER_GENERATE_SWIFT_ASSET_SYMBOL_EXTENSIONS = YES;
				CLANG_ANALYZER_NONNULL = YES;
				CLANG_ANALYZER_NUMBER_OBJECT_CONVERSION = YES_AGGRESSIVE;
				CLANG_CXX_LANGUAGE_STANDARD = "gnu++20";
				CLANG_ENABLE_MODULES = YES;
				CLANG_ENABLE_OBJC_ARC = YES;
				CLANG_ENABLE_OBJC_WEAK = YES;
				CLANG_WARN_BLOCK_CAPTURE_AUTORELEASING = YES;
				CLANG_WARN_BOOL_CONVERSION = YES;
				CLANG_WARN_COMMA = YES;
				CLANG_WARN_CONSTANT_CONVERSION = YES;
				CLANG_WARN_DEPRECATED_OBJC_IMPLEMENTATIONS = YES;
				CLANG_WARN_DIRECT_OBJC_ISA_USAGE = YES_ERROR;
				CLANG_WARN_DOCUMENTATION_COMMENTS = YES;
				CLANG_WARN_EMPTY_BODY = YES;
				CLANG_WARN_ENUM_CONVERSION = YES;
				CLANG_WARN_INFINITE_RECURSION = YES;
				CLANG_WARN_INT_CONVERSION = YES;
				CLANG_WARN_NON_LITERAL_NULL_CONVERSION = YES;
				CLANG_WARN_OBJC_IMPLICIT_RETAIN_SELF = YES;
				CLANG_WARN_OBJC_LITERAL_CONVERSION = YES;
				CLANG_WARN_OBJC_ROOT_CLASS = YES_ERROR;
				CLANG_WARN_QUOTED_INCLUDE_IN_FRAMEWORK_HEADER = YES;
				CLANG_WARN_RANGE_LOOP_ANALYSIS = YES;
				CLANG_WARN_STRICT_PROTOTYPES = YES;
				CLANG_WARN_SUSPICIOUS_MOVE = YES;
				CLANG_WARN_UNGUARDED_AVAILABILITY = YES_AGGRESSIVE;
				CLANG_WARN_UNREACHABLE_CODE = YES;
				CLANG_WARN__DUPLICATE_METHOD_MATCH = YES;
				COPY_PHASE_STRIP = NO;
				DEBUG_INFORMATION_FORMAT = "dwarf-with-dsym";
				ENABLE_NS_ASSERTIONS = NO;
				ENABLE_STRICT_OBJC_MSGSEND = YES;
				ENABLE_USER_SCRIPT_SANDBOXING = YES;
				GCC_C_LANGUAGE_STANDARD = gnu17;
				GCC_NO_COMMON_BLOCKS = YES;
				GCC_WARN_64_TO_32_BIT_CONVERSION = YES;
				GCC_WARN_ABOUT_RETURN_TYPE = YES_ERROR;
				GCC_WARN_UNDECLARED_SELECTOR = YES;
				GCC_WARN_UNINITIALIZED_AUTOS = YES_AGGRESSIVE;
				GCC_WARN_UNUSED_FUNCTION = YES;
				GCC_WARN_UNUSED_VARIABLE = YES;
				IPHONEOS_DEPLOYMENT_TARGET = 17.4;
				LOCALIZATION_PREFERS_STRING_CATALOGS = YES;
				MTL_ENABLE_DEBUG_INFO = NO;
				MTL_FAST_MATH = YES;
				SDKROOT = iphoneos;
				SWIFT_COMPILATION_MODE = wholemodule;
				VALIDATE_PRODUCT = YES;
			};
			name = Release;
		};
		7CBE84502BCFD4A700B14B60 /* Debug */ = {
			isa = XCBuildConfiguration;
			buildSettings = {
				ASSETCATALOG_COMPILER_ALTERNATE_APPICON_NAMES = "AppIcon-Campfire AppIcon-Backpack AppIcon-Camera AppIcon-Mushroom AppIcon-Map AppIcon-MagnifyingGlass";
				ASSETCATALOG_COMPILER_APPICON_NAME = AppIcon;
				ASSETCATALOG_COMPILER_GLOBAL_ACCENT_COLOR_NAME = AccentColor;
				ASSETCATALOG_COMPILER_INCLUDE_ALL_APPICON_ASSETS = YES;
				CODE_SIGN_STYLE = Automatic;
				CURRENT_PROJECT_VERSION = 1;
				DEVELOPMENT_ASSET_PATHS = "\"Hike/Preview Content\"";
				ENABLE_PREVIEWS = YES;
				GENERATE_INFOPLIST_FILE = YES;
				INFOPLIST_KEY_UIApplicationSceneManifest_Generation = YES;
				INFOPLIST_KEY_UIApplicationSupportsIndirectInputEvents = YES;
				INFOPLIST_KEY_UILaunchScreen_Generation = YES;
				INFOPLIST_KEY_UISupportedInterfaceOrientations_iPad = "UIInterfaceOrientationPortrait UIInterfaceOrientationPortraitUpsideDown UIInterfaceOrientationLandscapeLeft UIInterfaceOrientationLandscapeRight";
				INFOPLIST_KEY_UISupportedInterfaceOrientations_iPhone = "UIInterfaceOrientationPortrait UIInterfaceOrientationLandscapeLeft UIInterfaceOrientationLandscapeRight";
				LD_RUNPATH_SEARCH_PATHS = (
					"$(inherited)",
					"@executable_path/Frameworks",
				);
				MARKETING_VERSION = 1.0;
				PRODUCT_BUNDLE_IDENTIFIER = audy.Hike;
				PRODUCT_NAME = "$(TARGET_NAME)";
				SWIFT_EMIT_LOC_STRINGS = YES;
				SWIFT_VERSION = 5.0;
				TARGETED_DEVICE_FAMILY = "1,2";
			};
			name = Debug;
		};
		7CBE84512BCFD4A700B14B60 /* Release */ = {
			isa = XCBuildConfiguration;
			buildSettings = {
				ASSETCATALOG_COMPILER_ALTERNATE_APPICON_NAMES = "AppIcon-Campfire AppIcon-Backpack AppIcon-Camera AppIcon-Mushroom AppIcon-Map AppIcon-MagnifyingGlass";
				ASSETCATALOG_COMPILER_APPICON_NAME = AppIcon;
				ASSETCATALOG_COMPILER_GLOBAL_ACCENT_COLOR_NAME = AccentColor;
				ASSETCATALOG_COMPILER_INCLUDE_ALL_APPICON_ASSETS = YES;
				CODE_SIGN_STYLE = Automatic;
				CURRENT_PROJECT_VERSION = 1;
				DEVELOPMENT_ASSET_PATHS = "\"Hike/Preview Content\"";
				ENABLE_PREVIEWS = YES;
				GENERATE_INFOPLIST_FILE = YES;
				INFOPLIST_KEY_UIApplicationSceneManifest_Generation = YES;
				INFOPLIST_KEY_UIApplicationSupportsIndirectInputEvents = YES;
				INFOPLIST_KEY_UILaunchScreen_Generation = YES;
				INFOPLIST_KEY_UISupportedInterfaceOrientations_iPad = "UIInterfaceOrientationPortrait UIInterfaceOrientationPortraitUpsideDown UIInterfaceOrientationLandscapeLeft UIInterfaceOrientationLandscapeRight";
				INFOPLIST_KEY_UISupportedInterfaceOrientations_iPhone = "UIInterfaceOrientationPortrait UIInterfaceOrientationLandscapeLeft UIInterfaceOrientationLandscapeRight";
				LD_RUNPATH_SEARCH_PATHS = (
					"$(inherited)",
					"@executable_path/Frameworks",
				);
				MARKETING_VERSION = 1.0;
				PRODUCT_BUNDLE_IDENTIFIER = audy.Hike;
				PRODUCT_NAME = "$(TARGET_NAME)";
				SWIFT_EMIT_LOC_STRINGS = YES;
				SWIFT_VERSION = 5.0;
				TARGETED_DEVICE_FAMILY = "1,2";
			};
			name = Release;
		};
/* End XCBuildConfiguration section */

/* Begin XCConfigurationList section */
		7CBE843C2BCFD4A500B14B60 /* Build configuration list for PBXProject "Hike" */ = {
			isa = XCConfigurationList;
			buildConfigurations = (
				7CBE844D2BCFD4A700B14B60 /* Debug */,
				7CBE844E2BCFD4A700B14B60 /* Release */,
			);
			defaultConfigurationIsVisible = 0;
			defaultConfigurationName = Release;
		};
		7CBE844F2BCFD4A700B14B60 /* Build configuration list for PBXNativeTarget "Hike" */ = {
			isa = XCConfigurationList;
			buildConfigurations = (
				7CBE84502BCFD4A700B14B60 /* Debug */,
				7CBE84512BCFD4A700B14B60 /* Release */,
			);
			defaultConfigurationIsVisible = 0;
			defaultConfigurationName = Release;
		};
/* End XCConfigurationList section */
	};
	rootObject = 7CBE84392BCFD4A500B14B60 /* Project object */;
}
